{
  "name": "quran-bot",
  "version": "1.0.0",
  "lockfileVersion": 3,
  "requires": true,
  "packages": {
    "": {
      "name": "quran-bot",
      "version": "1.0.0",
      "license": "ISC",
      "dependencies": {
        "@quranjs/api": "^2.2.0"
      }
    },
    "node_modules/@quranjs/api": {
      "version": "2.2.0",
      "resolved": "https://registry.npmjs.org/@quranjs/api/-/api-2.2.0.tgz",
      "integrity": "sha512-CCzbGv0YfkoPjj/AxEQR8zaLqkeVT59OAhl7NRqeuasiLzXG9v9X+NEdWSe8ubFWNLlqVieXaZT2HXr4O9V83w==",
      "license": "MIT",
      "dependencies": {
        "humps": "^2.0.1"
      },
      "engines": {
        "node": ">=18"
      }
    },
    "node_modules/humps": {
      "version": "2.0.1",
      "resolved": "https://registry.npmjs.org/humps/-/humps-2.0.1.tgz",
      "integrity": "sha512-E0eIbrFWUhwfXJmsbdjRQFQPrl5pTEoKlz163j1mTqqUnU9PgR4AgB8AIITzuB3vLBdxZXyZ9TDIrwB2OASz4g==",
      "license": "MIT"
    }
  }
}
